
Microsoft Visual Studio Solution File, Format Version 12.00
# Visual Studio 15
VisualStudioVersion = 15.0.27130.2027
MinimumVisualStudioVersion = 10.0.40219.1
Project("{8BC9CEB8-8B4A-11D0-8D11-00A0C91BC942}") = "DLogger", "DLogger\DLogger.vcxproj", "{85B96C00-CEEC-402A-BE0B-F1BB02AB8E01}"
EndProject
Project("{8BC9CEB8-8B4A-11D0-8D11-00A0C91BC942}") = "DriverInstaller", "DriverInstaller\DriverInstaller.vcxproj", "{85A3090D-22D3-4A2F-A4C0-E37CCEC1A83A}"
EndProject
Project("{8BC9CEB8-8B4A-11D0-8D11-00A0C91BC942}") = "LogicTesting", "LogicTesting\LogicTesting.vcxproj", "{45912DBD-4424-43E9-861F-ABC282FAEEA0}"
EndProject
Global
	GlobalSection(SolutionConfigurationPlatforms) = preSolution
		Debug|ARM = Debug|ARM
		Debug|ARM64 = Debug|ARM64
		Debug|x64 = Debug|x64
		Debug|x86 = Debug|x86
		Release|ARM = Release|ARM
		Release|ARM64 = Release|ARM64
		Release|x64 = Release|x64
		Release|x86 = Release|x86
	EndGlobalSection
	GlobalSection(ProjectConfigurationPlatforms) = postSolution
		{85B96C00-CEEC-402A-BE0B-F1BB02AB8E01}.Debug|ARM.ActiveCfg = Debug|ARM
		{85B96C00-CEEC-402A-BE0B-F1BB02AB8E01}.Debug|ARM.Build.0 = Debug|ARM
		{85B96C00-CEEC-402A-BE0B-F1BB02AB8E01}.Debug|ARM.Deploy.0 = Debug|ARM
		{85B96C00-CEEC-402A-BE0B-F1BB02AB8E01}.Debug|ARM64.ActiveCfg = Debug|ARM64
		{85B96C00-CEEC-402A-BE0B-F1BB02AB8E01}.Debug|ARM64.Build.0 = Debug|ARM64
		{85B96C00-CEEC-402A-BE0B-F1BB02AB8E01}.Debug|ARM64.Deploy.0 = Debug|ARM64
		{85B96C00-CEEC-402A-BE0B-F1BB02AB8E01}.Debug|x64.ActiveCfg = Debug|x64
		{85B96C00-CEEC-402A-BE0B-F1BB02AB8E01}.Debug|x64.Build.0 = Debug|x64
		{85B96C00-CEEC-402A-BE0B-F1BB02AB8E01}.Debug|x64.Deploy.0 = Debug|x64
		{85B96C00-CEEC-402A-BE0B-F1BB02AB8E01}.Debug|x86.ActiveCfg = Debug|Win32
		{85B96C00-CEEC-402A-BE0B-F1BB02AB8E01}.Debug|x86.Build.0 = Debug|Win32
		{85B96C00-CEEC-402A-BE0B-F1BB02AB8E01}.Debug|x86.Deploy.0 = Debug|Win32
		{85B96C00-CEEC-402A-BE0B-F1BB02AB8E01}.Release|ARM.ActiveCfg = Release|ARM
		{85B96C00-CEEC-402A-BE0B-F1BB02AB8E01}.Release|ARM.Build.0 = Release|ARM
		{85B96C00-CEEC-402A-BE0B-F1BB02AB8E01}.Release|ARM.Deploy.0 = Release|ARM
		{85B96C00-CEEC-402A-BE0B-F1BB02AB8E01}.Release|ARM64.ActiveCfg = Release|ARM64
		{85B96C00-CEEC-402A-BE0B-F1BB02AB8E01}.Release|ARM64.Build.0 = Release|ARM64
		{85B96C00-CEEC-402A-BE0B-F1BB02AB8E01}.Release|ARM64.Deploy.0 = Release|ARM64
		{85B96C00-CEEC-402A-BE0B-F1BB02AB8E01}.Release|x64.ActiveCfg = Release|x64
		{85B96C00-CEEC-402A-BE0B-F1BB02AB8E01}.Release|x64.Build.0 = Release|x64
		{85B96C00-CEEC-402A-BE0B-F1BB02AB8E01}.Release|x64.Deploy.0 = Release|x64
		{85B96C00-CEEC-402A-BE0B-F1BB02AB8E01}.Release|x86.ActiveCfg = Release|Win32
		{85B96C00-CEEC-402A-BE0B-F1BB02AB8E01}.Release|x86.Build.0 = Release|Win32
		{85B96C00-CEEC-402A-BE0B-F1BB02AB8E01}.Release|x86.Deploy.0 = Release|Win32
		{85A3090D-22D3-4A2F-A4C0-E37CCEC1A83A}.Debug|ARM.ActiveCfg = Debug|Win32
		{85A3090D-22D3-4A2F-A4C0-E37CCEC1A83A}.Debug|ARM64.ActiveCfg = Debug|Win32
		{85A3090D-22D3-4A2F-A4C0-E37CCEC1A83A}.Debug|x64.ActiveCfg = Debug|x64
		{85A3090D-22D3-4A2F-A4C0-E37CCEC1A83A}.Debug|x64.Build.0 = Debug|x64
		{85A3090D-22D3-4A2F-A4C0-E37CCEC1A83A}.Debug|x86.ActiveCfg = Debug|Win32
		{85A3090D-22D3-4A2F-A4C0-E37CCEC1A83A}.Debug|x86.Build.0 = Debug|Win32
		{85A3090D-22D3-4A2F-A4C0-E37CCEC1A83A}.Release|ARM.ActiveCfg = Release|Win32
		{85A3090D-22D3-4A2F-A4C0-E37CCEC1A83A}.Release|ARM64.ActiveCfg = Release|Win32
		{85A3090D-22D3-4A2F-A4C0-E37CCEC1A83A}.Release|x64.ActiveCfg = Release|x64
		{85A3090D-22D3-4A2F-A4C0-E37CCEC1A83A}.Release|x64.Build.0 = Release|x64
		{85A3090D-22D3-4A2F-A4C0-E37CCEC1A83A}.Release|x86.ActiveCfg = Release|Win32
		{85A3090D-22D3-4A2F-A4C0-E37CCEC1A83A}.Release|x86.Build.0 = Release|Win32
		{45912DBD-4424-43E9-861F-ABC282FAEEA0}.Debug|ARM.ActiveCfg = Debug|Win32
		{45912DBD-4424-43E9-861F-ABC282FAEEA0}.Debug|ARM64.ActiveCfg = Debug|Win32
		{45912DBD-4424-43E9-861F-ABC282FAEEA0}.Debug|x64.ActiveCfg = Debug|x64
		{45912DBD-4424-43E9-861F-ABC282FAEEA0}.Debug|x64.Build.0 = Debug|x64
		{45912DBD-4424-43E9-861F-ABC282FAEEA0}.Debug|x86.ActiveCfg = Debug|Win32
		{45912DBD-4424-43E9-861F-ABC282FAEEA0}.Debug|x86.Build.0 = Debug|Win32
		{45912DBD-4424-43E9-861F-ABC282FAEEA0}.Release|ARM.ActiveCfg = Release|Win32
		{45912DBD-4424-43E9-861F-ABC282FAEEA0}.Release|ARM64.ActiveCfg = Release|Win32
		{45912DBD-4424-43E9-861F-ABC282FAEEA0}.Release|x64.ActiveCfg = Release|x64
		{45912DBD-4424-43E9-861F-ABC282FAEEA0}.Release|x64.Build.0 = Release|x64
		{45912DBD-4424-43E9-861F-ABC282FAEEA0}.Release|x86.ActiveCfg = Release|Win32
		{45912DBD-4424-43E9-861F-ABC282FAEEA0}.Release|x86.Build.0 = Release|Win32
	EndGlobalSection
	GlobalSection(SolutionProperties) = preSolution
		HideSolutionNode = FALSE
	EndGlobalSection
	GlobalSection(ExtensibilityGlobals) = postSolution
		SolutionGuid = {86C6F09D-9C6D-401E-8421-E77B202060A8}
	EndGlobalSection
EndGlobal
