<?xml version="1.0" encoding="utf-8"?>
<Project ToolsVersion="4.0" xmlns="http://schemas.microsoft.com/developer/msbuild/2003">
  <ItemGroup>
    <Filter Include="Header Files">
      <UniqueIdentifier>{93c90250-9c0c-411f-a128-1c1bdc49c4b6}</UniqueIdentifier>
    </Filter>
    <Filter Include="Driver Files">
      <UniqueIdentifier>{a8188578-eae4-4873-b61a-19196a931f53}</UniqueIdentifier>
    </Filter>
    <Filter Include="Source Files">
      <UniqueIdentifier>{e254f670-51ad-4974-b783-fb6a768ab1ee}</UniqueIdentifier>
    </Filter>
  </ItemGroup>
  <ItemGroup>
    <ClCompile Include="kbdhelper.c">
      <Filter>Source Files</Filter>
    </ClCompile>
    <ClCompile Include="kbdlogic.c">
      <Filter>Source Files</Filter>
    </ClCompile>
  </ItemGroup>
  <ItemGroup>
    <ClInclude Include="kbdhelper.h">
      <Filter>Header Files</Filter>
    </ClInclude>
    <ClInclude Include="kbdlogic.h">
      <Filter>Header Files</Filter>
    </ClInclude>
  </ItemGroup>
  <ItemGroup>
    <Inf Include="KbdHelper.inf">
      <Filter>Driver Files</Filter>
    </Inf>
  </ItemGroup>
</Project>